
Microsoft Visual Studio Solution File, Format Version 12.00
# Visual Studio Version 17
VisualStudioVersion = 17.5.002.0
MinimumVisualStudioVersion = 10.0.40219.1
Project("{9A19103F-16F7-4668-BE54-9A1E7A4F7556}") = "projektmapp", "projektmapp.csproj", "{FB28AAC9-EEF5-4AAC-AE37-80A64F63A225}"
EndProject
Global
	GlobalSection(SolutionConfigurationPlatforms) = preSolution
		Debug|Any CPU = Debug|Any CPU
		Release|Any CPU = Release|Any CPU
	EndGlobalSection
	GlobalSection(ProjectConfigurationPlatforms) = postSolution
		{FB28AAC9-EEF5-4AAC-AE37-80A64F63A225}.Debug|Any CPU.ActiveCfg = Debug|Any CPU
		{FB28AAC9-EEF5-4AAC-AE37-80A64F63A225}.Debug|Any CPU.Build.0 = Debug|Any CPU
		{FB28AAC9-EEF5-4AAC-AE37-80A64F63A225}.Release|Any CPU.ActiveCfg = Release|Any CPU
		{FB28AAC9-EEF5-4AAC-AE37-80A64F63A225}.Release|Any CPU.Build.0 = Release|Any CPU
	EndGlobalSection
	GlobalSection(SolutionProperties) = preSolution
		HideSolutionNode = FALSE
	EndGlobalSection
	GlobalSection(ExtensibilityGlobals) = postSolution
		SolutionGuid = {844C80D0-B850-428F-95EB-E94B03C2492C}
	EndGlobalSection
EndGlobal
